PODS:
  - CurriculaTable (0.2.0)
  - SQLite.swift (0.11.3):
    - SQLite.swift/standard (= 0.11.3)
  - SQLite.swift/standard (0.11.3)

DEPENDENCIES:
  - CurriculaTable
  - SQLite.swift (~> 0.11.3)

SPEC CHECKSUMS:
  CurriculaTable: 34897b785d3951a9540a0d43cfd78fd9089eb854
  SQLite.swift: 99b36c22084427f0abbeb957556ce1528cf10bb3

PODFILE CHECKSUM: d53166a48a65d534b1c154a7a851b452525ed5cf

COCOAPODS: 1.2.1
