// !$*UTF8*$!
{
	archiveVersion = 1;
	classes = {
	};
	objectVersion = 46;
	objects = {

/* Begin PBXBuildFile section */
		4F320B1DDF383C2AE9791094 /* Pods_HYU_TTTests.framework in Frameworks */ = {isa = PBXBuildFile; fileRef = 74CE342EB2982CCC5C7E1C98 /* Pods_HYU_TTTests.framework */; };
		6A4037AA1EE671A1003BB6EC /* TabBarController.swift in Sources */ = {isa = PBXBuildFile; fileRef = 6A4037A91EE671A1003BB6EC /* TabBarController.swift */; };
		6A7A246A1ED8186D00E4C68F /* ChoiceTableViewController.swift in Sources */ = {isa = PBXBuildFile; fileRef = 6A7A24691ED8186D00E4C68F /* ChoiceTableViewController.swift */; };
		7E0AE9C840BAAC639CD8DDCF /* Pods_HYU_TT_WidgetTest.framework in Frameworks */ = {isa = PBXBuildFile; fileRef = 53AFC885E849B2692D000ACE /* Pods_HYU_TT_WidgetTest.framework */; };
		B601FC291EEA7F27000DADA7 /* MainCurriculaViewController.swift in Sources */ = {isa = PBXBuildFile; fileRef = B601FC281EEA7F27000DADA7 /* MainCurriculaViewController.swift */; };
		B6B4D1841ED7F4A6009BA65C /* CurriculaViewController.swift in Sources */ = {isa = PBXBuildFile; fileRef = B6B4D1831ED7F4A6009BA65C /* CurriculaViewController.swift */; };
		B6D2187C1EE84F17005DCD7F /* NotificationCenter.framework in Frameworks */ = {isa = PBXBuildFile; fileRef = B6D2187B1EE84F17005DCD7F /* NotificationCenter.framework */; };
		B6D2187F1EE84F17005DCD7F /* TodayViewController.swift in Sources */ = {isa = PBXBuildFile; fileRef = B6D2187E1EE84F17005DCD7F /* TodayViewController.swift */; };
		B6D218821EE84F17005DCD7F /* MainInterface.storyboard in Resources */ = {isa = PBXBuildFile; fileRef = B6D218801EE84F17005DCD7F /* MainInterface.storyboard */; };
		B6D218861EE84F17005DCD7F /* WidgetTest.appex in Embed App Extensions */ = {isa = PBXBuildFile; fileRef = B6D2187A1EE84F17005DCD7F /* WidgetTest.appex */; settings = {ATTRIBUTES = (RemoveHeadersOnCopy, ); }; };
		B6E63CC31ECB7E7600A94CEF /* AppDelegate.swift in Sources */ = {isa = PBXBuildFile; fileRef = B6E63CC21ECB7E7600A94CEF /* AppDelegate.swift */; };
		B6E63CC51ECB7E7600A94CEF /* ViewController.swift in Sources */ = {isa = PBXBuildFile; fileRef = B6E63CC41ECB7E7600A94CEF /* ViewController.swift */; };
		B6E63CC81ECB7E7600A94CEF /* Main.storyboard in Resources */ = {isa = PBXBuildFile; fileRef = B6E63CC61ECB7E7600A94CEF /* Main.storyboard */; };
		B6E63CCA1ECB7E7600A94CEF /* Assets.xcassets in Resources */ = {isa = PBXBuildFile; fileRef = B6E63CC91ECB7E7600A94CEF /* Assets.xcassets */; };
		B6E63CCD1ECB7E7600A94CEF /* LaunchScreen.storyboard in Resources */ = {isa = PBXBuildFile; fileRef = B6E63CCB1ECB7E7600A94CEF /* LaunchScreen.storyboard */; };
		B6E63CD81ECB7E7600A94CEF /* HYU_TTTests.swift in Sources */ = {isa = PBXBuildFile; fileRef = B6E63CD71ECB7E7600A94CEF /* HYU_TTTests.swift */; };
		B6E63CE31ECBF60200A94CEF /* SubjectViewController.swift in Sources */ = {isa = PBXBuildFile; fileRef = B6E63CE21ECBF60200A94CEF /* SubjectViewController.swift */; };
		B6E63CE51ECBFAF300A94CEF /* SubjectFirstViewController.swift in Sources */ = {isa = PBXBuildFile; fileRef = B6E63CE41ECBFAF300A94CEF /* SubjectFirstViewController.swift */; };
		B6E63CEA1ECCCDC400A94CEF /* nayong.strings in Resources */ = {isa = PBXBuildFile; fileRef = B6E63CE91ECCCDC400A94CEF /* nayong.strings */; };
		B6FDE26E1EE90B9F00AFDEFC /* WidgetCurriculaViewController.swift in Sources */ = {isa = PBXBuildFile; fileRef = B6FDE26D1EE90B9F00AFDEFC /* WidgetCurriculaViewController.swift */; };
		CB2084C91EDFE3F800C90DDD /* MakeTImeTables.swift in Sources */ = {isa = PBXBuildFile; fileRef = CB2084C81EDFE3F800C90DDD /* MakeTImeTables.swift */; };
		CB2084CB1EE0027700C90DDD /* SubjectSecondViewController.swift in Sources */ = {isa = PBXBuildFile; fileRef = CB2084CA1EE0027700C90DDD /* SubjectSecondViewController.swift */; };
		CB2084D51EE00F0900C90DDD /* BEMAnimationManager.m in Sources */ = {isa = PBXBuildFile; fileRef = CB2084CE1EE00F0900C90DDD /* BEMAnimationManager.m */; };
		CB2084D61EE00F0900C90DDD /* BEMCheckBox.m in Sources */ = {isa = PBXBuildFile; fileRef = CB2084D01EE00F0900C90DDD /* BEMCheckBox.m */; };
		CB2084D71EE00F0900C90DDD /* BEMCheckBoxGroup.m in Sources */ = {isa = PBXBuildFile; fileRef = CB2084D21EE00F0900C90DDD /* BEMCheckBoxGroup.m */; };
		CB2084D81EE00F0900C90DDD /* BEMPathManager.m in Sources */ = {isa = PBXBuildFile; fileRef = CB2084D41EE00F0900C90DDD /* BEMPathManager.m */; };
		CB6968201ED6CB1F007202D2 /* DataSource.swift in Sources */ = {isa = PBXBuildFile; fileRef = CB69681F1ED6CB1F007202D2 /* DataSource.swift */; };
		CB6968231ED6CFD5007202D2 /* liberal.xml in Resources */ = {isa = PBXBuildFile; fileRef = CB6968211ED6CFD5007202D2 /* liberal.xml */; };
		CB6968241ED6CFD5007202D2 /* major.xml in Resources */ = {isa = PBXBuildFile; fileRef = CB6968221ED6CFD5007202D2 /* major.xml */; };
		CBF10E1C1EEA815500B5CDE5 /* MyChoiceTableViewController.swift in Sources */ = {isa = PBXBuildFile; fileRef = CBF10E1B1EEA815500B5CDE5 /* MyChoiceTableViewController.swift */; };
		CBFF76D01EE83CC0003F5442 /* DatabaseManagement.swift in Sources */ = {isa = PBXBuildFile; fileRef = CBFF76CF1EE83CC0003F5442 /* DatabaseManagement.swift */; };
		D2CC9C69DE11850505670996 /* Pods_HYU_TT.framework in Frameworks */ = {isa = PBXBuildFile; fileRef = 40947DC9DD0EB3B72B11D000 /* Pods_HYU_TT.framework */; };
/* End PBXBuildFile section */

/* Begin PBXContainerItemProxy section */
		B6D218841EE84F17005DCD7F /* PBXContainerItemProxy */ = {
			isa = PBXContainerItemProxy;
			containerPortal = B6E63CB71ECB7E7600A94CEF /* Project object */;
			proxyType = 1;
			remoteGlobalIDString = B6D218791EE84F17005DCD7F;
			remoteInfo = WidgetTest;
		};
		B6E63CD41ECB7E7600A94CEF /* PBXContainerItemProxy */ = {
			isa = PBXContainerItemProxy;
			containerPortal = B6E63CB71ECB7E7600A94CEF /* Project object */;
			proxyType = 1;
			remoteGlobalIDString = B6E63CBE1ECB7E7600A94CEF;
			remoteInfo = HYU_TT;
		};
/* End PBXContainerItemProxy section */

/* Begin PBXCopyFilesBuildPhase section */
		B6D2188A1EE84F17005DCD7F /* Embed App Extensions */ = {
			isa = PBXCopyFilesBuildPhase;
			buildActionMask = 2147483647;
			dstPath = "";
			dstSubfolderSpec = 13;
			files = (
				B6D218861EE84F17005DCD7F /* WidgetTest.appex in Embed App Extensions */,
			);
			name = "Embed App Extensions";
			runOnlyForDeploymentPostprocessing = 0;
		};
/* End PBXCopyFilesBuildPhase section */

/* Begin PBXFileReference section */
		13095219E493AD967886AE2A /* Pods-HYU_TTTests.release.xcconfig */ = {isa = PBXFileReference; includeInIndex = 1; lastKnownFileType = text.xcconfig; name = "Pods-HYU_TTTests.release.xcconfig"; path = "Pods/Target Support Files/Pods-HYU_TTTests/Pods-HYU_TTTests.release.xcconfig"; sourceTree = "<group>"; };
		1502B6A28160B1432EA80EE1 /* Pods-HYU_TT.release.xcconfig */ = {isa = PBXFileReference; includeInIndex = 1; lastKnownFileType = text.xcconfig; name = "Pods-HYU_TT.release.xcconfig"; path = "Pods/Target Support Files/Pods-HYU_TT/Pods-HYU_TT.release.xcconfig"; sourceTree = "<group>"; };
		25AD752FC71D047A3BE5B818 /* Pods-WidgetTest.release.xcconfig */ = {isa = PBXFileReference; includeInIndex = 1; lastKnownFileType = text.xcconfig; name = "Pods-WidgetTest.release.xcconfig"; path = "Pods/Target Support Files/Pods-WidgetTest/Pods-WidgetTest.release.xcconfig"; sourceTree = "<group>"; };
		40947DC9DD0EB3B72B11D000 /* Pods_HYU_TT.framework */ = {isa = PBXFileReference; explicitFileType = wrapper.framework; includeInIndex = 0; path = Pods_HYU_TT.framework; sourceTree = BUILT_PRODUCTS_DIR; };
		53AFC885E849B2692D000ACE /* Pods_HYU_TT_WidgetTest.framework */ = {isa = PBXFileReference; explicitFileType = wrapper.framework; includeInIndex = 0; path = Pods_HYU_TT_WidgetTest.framework; sourceTree = BUILT_PRODUCTS_DIR; };
		59349A4B72180EEF8CE3D9BD /* Pods-HYU_TTTests.debug.xcconfig */ = {isa = PBXFileReference; includeInIndex = 1; lastKnownFileType = text.xcconfig; name = "Pods-HYU_TTTests.debug.xcconfig"; path = "Pods/Target Support Files/Pods-HYU_TTTests/Pods-HYU_TTTests.debug.xcconfig"; sourceTree = "<group>"; };
		6A4037A91EE671A1003BB6EC /* TabBarController.swift */ = {isa = PBXFileReference; fileEncoding = 4; lastKnownFileType = sourcecode.swift; path = TabBarController.swift; sourceTree = "<group>"; };
		6A7A24691ED8186D00E4C68F /* ChoiceTableViewController.swift */ = {isa = PBXFileReference; fileEncoding = 4; lastKnownFileType = sourcecode.swift; path = ChoiceTableViewController.swift; sourceTree = "<group>"; };
		74CE342EB2982CCC5C7E1C98 /* Pods_HYU_TTTests.framework */ = {isa = PBXFileReference; explicitFileType = wrapper.framework; includeInIndex = 0; path = Pods_HYU_TTTests.framework; sourceTree = BUILT_PRODUCTS_DIR; };
		77A14AA203D737F6BAB22358 /* Pods-WidgetTest.debug.xcconfig */ = {isa = PBXFileReference; includeInIndex = 1; lastKnownFileType = text.xcconfig; name = "Pods-WidgetTest.debug.xcconfig"; path = "Pods/Target Support Files/Pods-WidgetTest/Pods-WidgetTest.debug.xcconfig"; sourceTree = "<group>"; };
		99173DF071FD2AF131E44065 /* Pods-HYU_TT.debug.xcconfig */ = {isa = PBXFileReference; includeInIndex = 1; lastKnownFileType = text.xcconfig; name = "Pods-HYU_TT.debug.xcconfig"; path = "Pods/Target Support Files/Pods-HYU_TT/Pods-HYU_TT.debug.xcconfig"; sourceTree = "<group>"; };
		99E050BF0D2A546B33F3DBE5 /* Pods_WidgetTest.framework */ = {isa = PBXFileReference; explicitFileType = wrapper.framework; includeInIndex = 0; path = Pods_WidgetTest.framework; sourceTree = BUILT_PRODUCTS_DIR; };
		AB6AF7C6447D023EB6AD1946 /* Pods-HYU_TT-WidgetTest.debug.xcconfig */ = {isa = PBXFileReference; includeInIndex = 1; lastKnownFileType = text.xcconfig; name = "Pods-HYU_TT-WidgetTest.debug.xcconfig"; path = "Pods/Target Support Files/Pods-HYU_TT-WidgetTest/Pods-HYU_TT-WidgetTest.debug.xcconfig"; sourceTree = "<group>"; };
		B601FC281EEA7F27000DADA7 /* MainCurriculaViewController.swift */ = {isa = PBXFileReference; fileEncoding = 4; lastKnownFileType = sourcecode.swift; path = MainCurriculaViewController.swift; sourceTree = "<group>"; };
		B6B4D1831ED7F4A6009BA65C /* CurriculaViewController.swift */ = {isa = PBXFileReference; fileEncoding = 4; lastKnownFileType = sourcecode.swift; path = CurriculaViewController.swift; sourceTree = "<group>"; };
		B6D2187A1EE84F17005DCD7F /* WidgetTest.appex */ = {isa = PBXFileReference; explicitFileType = "wrapper.app-extension"; includeInIndex = 0; path = WidgetTest.appex; sourceTree = BUILT_PRODUCTS_DIR; };
		B6D2187B1EE84F17005DCD7F /* NotificationCenter.framework */ = {isa = PBXFileReference; lastKnownFileType = wrapper.framework; name = NotificationCenter.framework; path = System/Library/Frameworks/NotificationCenter.framework; sourceTree = SDKROOT; };
		B6D2187E1EE84F17005DCD7F /* TodayViewController.swift */ = {isa = PBXFileReference; lastKnownFileType = sourcecode.swift; path = TodayViewController.swift; sourceTree = "<group>"; };
		B6D218811EE84F17005DCD7F /* Base */ = {isa = PBXFileReference; lastKnownFileType = file.storyboard; name = Base; path = Base.lproj/MainInterface.storyboard; sourceTree = "<group>"; };
		B6D218831EE84F17005DCD7F /* Info.plist */ = {isa = PBXFileReference; lastKnownFileType = text.plist.xml; path = Info.plist; sourceTree = "<group>"; };
		B6E63CBF1ECB7E7600A94CEF /* HYU_TT.app */ = {isa = PBXFileReference; explicitFileType = wrapper.application; includeInIndex = 0; path = HYU_TT.app; sourceTree = BUILT_PRODUCTS_DIR; };
		B6E63CC21ECB7E7600A94CEF /* AppDelegate.swift */ = {isa = PBXFileReference; lastKnownFileType = sourcecode.swift; path = AppDelegate.swift; sourceTree = "<group>"; };
		B6E63CC41ECB7E7600A94CEF /* ViewController.swift */ = {isa = PBXFileReference; lastKnownFileType = sourcecode.swift; path = ViewController.swift; sourceTree = "<group>"; };
		B6E63CC71ECB7E7600A94CEF /* Base */ = {isa = PBXFileReference; lastKnownFileType = file.storyboard; name = Base; path = Base.lproj/Main.storyboard; sourceTree = "<group>"; };
		B6E63CC91ECB7E7600A94CEF /* Assets.xcassets */ = {isa = PBXFileReference; lastKnownFileType = folder.assetcatalog; path = Assets.xcassets; sourceTree = "<group>"; };
		B6E63CCC1ECB7E7600A94CEF /* Base */ = {isa = PBXFileReference; lastKnownFileType = file.storyboard; name = Base; path = Base.lproj/LaunchScreen.storyboard; sourceTree = "<group>"; };
		B6E63CCE1ECB7E7600A94CEF /* Info.plist */ = {isa = PBXFileReference; lastKnownFileType = text.plist.xml; path = Info.plist; sourceTree = "<group>"; };
		B6E63CD31ECB7E7600A94CEF /* HYU_TTTests.xctest */ = {isa = PBXFileReference; explicitFileType = wrapper.cfbundle; includeInIndex = 0; path = HYU_TTTests.xctest; sourceTree = BUILT_PRODUCTS_DIR; };
		B6E63CD71ECB7E7600A94CEF /* HYU_TTTests.swift */ = {isa = PBXFileReference; lastKnownFileType = sourcecode.swift; path = HYU_TTTests.swift; sourceTree = "<group>"; };
		B6E63CD91ECB7E7600A94CEF /* Info.plist */ = {isa = PBXFileReference; lastKnownFileType = text.plist.xml; path = Info.plist; sourceTree = "<group>"; };
		B6E63CE21ECBF60200A94CEF /* SubjectViewController.swift */ = {isa = PBXFileReference; fileEncoding = 4; lastKnownFileType = sourcecode.swift; path = SubjectViewController.swift; sourceTree = "<group>"; };
		B6E63CE41ECBFAF300A94CEF /* SubjectFirstViewController.swift */ = {isa = PBXFileReference; fileEncoding = 4; lastKnownFileType = sourcecode.swift; path = SubjectFirstViewController.swift; sourceTree = "<group>"; };
		B6E63CE91ECCCDC400A94CEF /* nayong.strings */ = {isa = PBXFileReference; fileEncoding = 4; lastKnownFileType = text.plist.strings; path = nayong.strings; sourceTree = "<group>"; };
		B6FDE26D1EE90B9F00AFDEFC /* WidgetCurriculaViewController.swift */ = {isa = PBXFileReference; fileEncoding = 4; lastKnownFileType = sourcecode.swift; path = WidgetCurriculaViewController.swift; sourceTree = "<group>"; };
		CB2084C81EDFE3F800C90DDD /* MakeTImeTables.swift */ = {isa = PBXFileReference; fileEncoding = 4; lastKnownFileType = sourcecode.swift; path = MakeTImeTables.swift; sourceTree = "<group>"; };
		CB2084CA1EE0027700C90DDD /* SubjectSecondViewController.swift */ = {isa = PBXFileReference; fileEncoding = 4; lastKnownFileType = sourcecode.swift; path = SubjectSecondViewController.swift; sourceTree = "<group>"; };
		CB2084CD1EE00F0900C90DDD /* BEMAnimationManager.h */ = {isa = PBXFileReference; fileEncoding = 4; lastKnownFileType = sourcecode.c.h; path = BEMAnimationManager.h; sourceTree = "<group>"; };
		CB2084CE1EE00F0900C90DDD /* BEMAnimationManager.m */ = {isa = PBXFileReference; fileEncoding = 4; lastKnownFileType = sourcecode.c.objc; path = BEMAnimationManager.m; sourceTree = "<group>"; };
		CB2084CF1EE00F0900C90DDD /* BEMCheckBox.h */ = {isa = PBXFileReference; fileEncoding = 4; lastKnownFileType = sourcecode.c.h; path = BEMCheckBox.h; sourceTree = "<group>"; };
		CB2084D01EE00F0900C90DDD /* BEMCheckBox.m */ = {isa = PBXFileReference; fileEncoding = 4; lastKnownFileType = sourcecode.c.objc; path = BEMCheckBox.m; sourceTree = "<group>"; };
		CB2084D11EE00F0900C90DDD /* BEMCheckBoxGroup.h */ = {isa = PBXFileReference; fileEncoding = 4; lastKnownFileType = sourcecode.c.h; path = BEMCheckBoxGroup.h; sourceTree = "<group>"; };
		CB2084D21EE00F0900C90DDD /* BEMCheckBoxGroup.m */ = {isa = PBXFileReference; fileEncoding = 4; lastKnownFileType = sourcecode.c.objc; path = BEMCheckBoxGroup.m; sourceTree = "<group>"; };
		CB2084D31EE00F0900C90DDD /* BEMPathManager.h */ = {isa = PBXFileReference; fileEncoding = 4; lastKnownFileType = sourcecode.c.h; path = BEMPathManager.h; sourceTree = "<group>"; };
		CB2084D41EE00F0900C90DDD /* BEMPathManager.m */ = {isa = PBXFileReference; fileEncoding = 4; lastKnownFileType = sourcecode.c.objc; path = BEMPathManager.m; sourceTree = "<group>"; };
		CB2084D91EE00FE600C90DDD /* CheckMarkHeader.h */ = {isa = PBXFileReference; fileEncoding = 4; lastKnownFileType = sourcecode.c.h; name = CheckMarkHeader.h; path = ../CheckMarkHeader.h; sourceTree = "<group>"; };
		CB69681F1ED6CB1F007202D2 /* DataSource.swift */ = {isa = PBXFileReference; fileEncoding = 4; lastKnownFileType = sourcecode.swift; path = DataSource.swift; sourceTree = "<group>"; };
		CB6968211ED6CFD5007202D2 /* liberal.xml */ = {isa = PBXFileReference; fileEncoding = 4; lastKnownFileType = text.xml; path = liberal.xml; sourceTree = "<group>"; };
		CB6968221ED6CFD5007202D2 /* major.xml */ = {isa = PBXFileReference; fileEncoding = 4; lastKnownFileType = text.xml; path = major.xml; sourceTree = "<group>"; };
		CBF10E1B1EEA815500B5CDE5 /* MyChoiceTableViewController.swift */ = {isa = PBXFileReference; fileEncoding = 4; lastKnownFileType = sourcecode.swift; path = MyChoiceTableViewController.swift; sourceTree = "<group>"; };
		CBFF76CF1EE83CC0003F5442 /* DatabaseManagement.swift */ = {isa = PBXFileReference; fileEncoding = 4; lastKnownFileType = sourcecode.swift; path = DatabaseManagement.swift; sourceTree = "<group>"; };
		F0F6F693F9D6061F709F0B44 /* Pods-HYU_TT-WidgetTest.release.xcconfig */ = {isa = PBXFileReference; includeInIndex = 1; lastKnownFileType = text.xcconfig; name = "Pods-HYU_TT-WidgetTest.release.xcconfig"; path = "Pods/Target Support Files/Pods-HYU_TT-WidgetTest/Pods-HYU_TT-WidgetTest.release.xcconfig"; sourceTree = "<group>"; };
/* End PBXFileReference section */

/* Begin PBXFrameworksBuildPhase section */
		B6D218771EE84F17005DCD7F /* Frameworks */ = {
			isa = PBXFrameworksBuildPhase;
			buildActionMask = 2147483647;
			files = (
				B6D2187C1EE84F17005DCD7F /* NotificationCenter.framework in Frameworks */,
				7E0AE9C840BAAC639CD8DDCF /* Pods_HYU_TT_WidgetTest.framework in Frameworks */,
			);
			runOnlyForDeploymentPostprocessing = 0;
		};
		B6E63CBC1ECB7E7600A94CEF /* Frameworks */ = {
			isa = PBXFrameworksBuildPhase;
			buildActionMask = 2147483647;
			files = (
				D2CC9C69DE11850505670996 /* Pods_HYU_TT.framework in Frameworks */,
			);
			runOnlyForDeploymentPostprocessing = 0;
		};
		B6E63CD01ECB7E7600A94CEF /* Frameworks */ = {
			isa = PBXFrameworksBuildPhase;
			buildActionMask = 2147483647;
			files = (
				4F320B1DDF383C2AE9791094 /* Pods_HYU_TTTests.framework in Frameworks */,
			);
			runOnlyForDeploymentPostprocessing = 0;
		};
/* End PBXFrameworksBuildPhase section */

/* Begin PBXGroup section */
		751167964F73893613CCD04D /* Frameworks */ = {
			isa = PBXGroup;
			children = (
				40947DC9DD0EB3B72B11D000 /* Pods_HYU_TT.framework */,
				74CE342EB2982CCC5C7E1C98 /* Pods_HYU_TTTests.framework */,
				B6D2187B1EE84F17005DCD7F /* NotificationCenter.framework */,
				53AFC885E849B2692D000ACE /* Pods_HYU_TT_WidgetTest.framework */,
				99E050BF0D2A546B33F3DBE5 /* Pods_WidgetTest.framework */,
			);
			name = Frameworks;
			sourceTree = "<group>";
		};
		B6D2187D1EE84F17005DCD7F /* WidgetTest */ = {
			isa = PBXGroup;
			children = (
				B6D2187E1EE84F17005DCD7F /* TodayViewController.swift */,
				B6D218801EE84F17005DCD7F /* MainInterface.storyboard */,
				B6D218831EE84F17005DCD7F /* Info.plist */,
				B6FDE26D1EE90B9F00AFDEFC /* WidgetCurriculaViewController.swift */,
			);
			path = WidgetTest;
			sourceTree = "<group>";
		};
		B6E63CB61ECB7E7600A94CEF = {
			isa = PBXGroup;
			children = (
				B6E63CE81ECCCD9200A94CEF /* Memo */,
				B6E63CC11ECB7E7600A94CEF /* HYU_TT */,
				B6E63CD61ECB7E7600A94CEF /* HYU_TTTests */,
				B6D2187D1EE84F17005DCD7F /* WidgetTest */,
				B6E63CC01ECB7E7600A94CEF /* Products */,
				C307812A516AAB4109FE4AAD /* Pods */,
				751167964F73893613CCD04D /* Frameworks */,
			);
			sourceTree = "<group>";
		};
		B6E63CC01ECB7E7600A94CEF /* Products */ = {
			isa = PBXGroup;
			children = (
				B6E63CBF1ECB7E7600A94CEF /* HYU_TT.app */,
				B6E63CD31ECB7E7600A94CEF /* HYU_TTTests.xctest */,
				B6D2187A1EE84F17005DCD7F /* WidgetTest.appex */,
			);
			name = Products;
			sourceTree = "<group>";
		};
		B6E63CC11ECB7E7600A94CEF /* HYU_TT */ = {
			isa = PBXGroup;
			children = (
				CB2084CC1EE00F0900C90DDD /* Classes */,
				B6E63CC21ECB7E7600A94CEF /* AppDelegate.swift */,
				CB2084D91EE00FE600C90DDD /* CheckMarkHeader.h */,
				B6E63CC41ECB7E7600A94CEF /* ViewController.swift */,
				B6E63CC61ECB7E7600A94CEF /* Main.storyboard */,
				B6B4D1831ED7F4A6009BA65C /* CurriculaViewController.swift */,
				B6E63CC91ECB7E7600A94CEF /* Assets.xcassets */,
				B6E63CCB1ECB7E7600A94CEF /* LaunchScreen.storyboard */,
				B6E63CCE1ECB7E7600A94CEF /* Info.plist */,
				B6E63CE21ECBF60200A94CEF /* SubjectViewController.swift */,
				CBF10E1B1EEA815500B5CDE5 /* MyChoiceTableViewController.swift */,
				B6E63CE41ECBFAF300A94CEF /* SubjectFirstViewController.swift */,
				CB2084CA1EE0027700C90DDD /* SubjectSecondViewController.swift */,
				CB69681F1ED6CB1F007202D2 /* DataSource.swift */,
				CB6968211ED6CFD5007202D2 /* liberal.xml */,
				CB6968221ED6CFD5007202D2 /* major.xml */,
				6A7A24691ED8186D00E4C68F /* ChoiceTableViewController.swift */,
				CB2084C81EDFE3F800C90DDD /* MakeTImeTables.swift */,
				6A4037A91EE671A1003BB6EC /* TabBarController.swift */,
				CBFF76CF1EE83CC0003F5442 /* DatabaseManagement.swift */,
				B601FC281EEA7F27000DADA7 /* MainCurriculaViewController.swift */,
			);
			path = HYU_TT;
			sourceTree = "<group>";
		};
		B6E63CD61ECB7E7600A94CEF /* HYU_TTTests */ = {
			isa = PBXGroup;
			children = (
				B6E63CD71ECB7E7600A94CEF /* HYU_TTTests.swift */,
				B6E63CD91ECB7E7600A94CEF /* Info.plist */,
			);
			path = HYU_TTTests;
			sourceTree = "<group>";
		};
		B6E63CE81ECCCD9200A94CEF /* Memo */ = {
			isa = PBXGroup;
			children = (
				B6E63CE91ECCCDC400A94CEF /* nayong.strings */,
			);
			name = Memo;
			sourceTree = "<group>";
		};
		C307812A516AAB4109FE4AAD /* Pods */ = {
			isa = PBXGroup;
			children = (
				99173DF071FD2AF131E44065 /* Pods-HYU_TT.debug.xcconfig */,
				1502B6A28160B1432EA80EE1 /* Pods-HYU_TT.release.xcconfig */,
				59349A4B72180EEF8CE3D9BD /* Pods-HYU_TTTests.debug.xcconfig */,
				13095219E493AD967886AE2A /* Pods-HYU_TTTests.release.xcconfig */,
				AB6AF7C6447D023EB6AD1946 /* Pods-HYU_TT-WidgetTest.debug.xcconfig */,
				F0F6F693F9D6061F709F0B44 /* Pods-HYU_TT-WidgetTest.release.xcconfig */,
				77A14AA203D737F6BAB22358 /* Pods-WidgetTest.debug.xcconfig */,
				25AD752FC71D047A3BE5B818 /* Pods-WidgetTest.release.xcconfig */,
			);
			name = Pods;
			sourceTree = "<group>";
		};
		CB2084CC1EE00F0900C90DDD /* Classes */ = {
			isa = PBXGroup;
			children = (
				CB2084CD1EE00F0900C90DDD /* BEMAnimationManager.h */,
				CB2084CE1EE00F0900C90DDD /* BEMAnimationManager.m */,
				CB2084CF1EE00F0900C90DDD /* BEMCheckBox.h */,
				CB2084D01EE00F0900C90DDD /* BEMCheckBox.m */,
				CB2084D11EE00F0900C90DDD /* BEMCheckBoxGroup.h */,
				CB2084D21EE00F0900C90DDD /* BEMCheckBoxGroup.m */,
				CB2084D31EE00F0900C90DDD /* BEMPathManager.h */,
				CB2084D41EE00F0900C90DDD /* BEMPathManager.m */,
			);
			path = Classes;
			sourceTree = "<group>";
		};
/* End PBXGroup section */

/* Begin PBXNativeTarget section */
		B6D218791EE84F17005DCD7F /* WidgetTest */ = {
			isa = PBXNativeTarget;
			buildConfigurationList = B6D218891EE84F17005DCD7F /* Build configuration list for PBXNativeTarget "WidgetTest" */;
			buildPhases = (
				9BA8AA455A1E01A100C9428E /* [CP] Check Pods Manifest.lock */,
				B6D218761EE84F17005DCD7F /* Sources */,
				B6D218771EE84F17005DCD7F /* Frameworks */,
				B6D218781EE84F17005DCD7F /* Resources */,
				A2D63852F8FFD1F7C9EE9BF4 /* [CP] Copy Pods Resources */,
			);
			buildRules = (
			);
			dependencies = (
			);
			name = WidgetTest;
			productName = WidgetTest;
			productReference = B6D2187A1EE84F17005DCD7F /* WidgetTest.appex */;
			productType = "com.apple.product-type.app-extension";
		};
		B6E63CBE1ECB7E7600A94CEF /* HYU_TT */ = {
			isa = PBXNativeTarget;
			buildConfigurationList = B6E63CDC1ECB7E7600A94CEF /* Build configuration list for PBXNativeTarget "HYU_TT" */;
			buildPhases = (
				19FCF87A2F7AB5B22189DAF3 /* [CP] Check Pods Manifest.lock */,
				B6E63CBB1ECB7E7600A94CEF /* Sources */,
				B6E63CBC1ECB7E7600A94CEF /* Frameworks */,
				B6E63CBD1ECB7E7600A94CEF /* Resources */,
				0866BE44A74DDD3D4C65FC38 /* [CP] Embed Pods Frameworks */,
				F178ABD12AF8C00E9E1145B2 /* [CP] Copy Pods Resources */,
				B6D2188A1EE84F17005DCD7F /* Embed App Extensions */,
			);
			buildRules = (
			);
			dependencies = (
				B6D218851EE84F17005DCD7F /* PBXTargetDependency */,
			);
			name = HYU_TT;
			productName = HYU_TT;
			productReference = B6E63CBF1ECB7E7600A94CEF /* HYU_TT.app */;
			productType = "com.apple.product-type.application";
		};
		B6E63CD21ECB7E7600A94CEF /* HYU_TTTests */ = {
			isa = PBXNativeTarget;
			buildConfigurationList = B6E63CDF1ECB7E7600A94CEF /* Build configuration list for PBXNativeTarget "HYU_TTTests" */;
			buildPhases = (
				560A3A69E1B0A24676FC750D /* [CP] Check Pods Manifest.lock */,
				B6E63CCF1ECB7E7600A94CEF /* Sources */,
				B6E63CD01ECB7E7600A94CEF /* Frameworks */,
				B6E63CD11ECB7E7600A94CEF /* Resources */,
				7B3262E6D604AC63801C33DC /* [CP] Embed Pods Frameworks */,
				051466F6C1C5E5AED5B87A35 /* [CP] Copy Pods Resources */,
			);
			buildRules = (
			);
			dependencies = (
				B6E63CD51ECB7E7600A94CEF /* PBXTargetDependency */,
			);
			name = HYU_TTTests;
			productName = HYU_TTTests;
			productReference = B6E63CD31ECB7E7600A94CEF /* HYU_TTTests.xctest */;
			productType = "com.apple.product-type.bundle.unit-test";
		};
/* End PBXNativeTarget section */

/* Begin PBXProject section */
		B6E63CB71ECB7E7600A94CEF /* Project object */ = {
			isa = PBXProject;
			attributes = {
				LastSwiftUpdateCheck = 0820;
				LastUpgradeCheck = 0820;
				ORGANIZATIONNAME = "김나용";
				TargetAttributes = {
					B6D218791EE84F17005DCD7F = {
						CreatedOnToolsVersion = 8.2.1;
						ProvisioningStyle = Automatic;
					};
					B6E63CBE1ECB7E7600A94CEF = {
						CreatedOnToolsVersion = 8.2.1;
						ProvisioningStyle = Automatic;
					};
					B6E63CD21ECB7E7600A94CEF = {
						CreatedOnToolsVersion = 8.2.1;
						ProvisioningStyle = Automatic;
						TestTargetID = B6E63CBE1ECB7E7600A94CEF;
					};
				};
			};
			buildConfigurationList = B6E63CBA1ECB7E7600A94CEF /* Build configuration list for PBXProject "HYU_TT" */;
			compatibilityVersion = "Xcode 3.2";
			developmentRegion = English;
			hasScannedForEncodings = 0;
			knownRegions = (
				en,
				Base,
			);
			mainGroup = B6E63CB61ECB7E7600A94CEF;
			productRefGroup = B6E63CC01ECB7E7600A94CEF /* Products */;
			projectDirPath = "";
			projectRoot = "";
			targets = (
				B6E63CBE1ECB7E7600A94CEF /* HYU_TT */,
				B6E63CD21ECB7E7600A94CEF /* HYU_TTTests */,
				B6D218791EE84F17005DCD7F /* WidgetTest */,
			);
		};
/* End PBXProject section */

/* Begin PBXResourcesBuildPhase section */
		B6D218781EE84F17005DCD7F /* Resources */ = {
			isa = PBXResourcesBuildPhase;
			buildActionMask = 2147483647;
			files = (
				B6D218821EE84F17005DCD7F /* MainInterface.storyboard in Resources */,
			);
			runOnlyForDeploymentPostprocessing = 0;
		};
		B6E63CBD1ECB7E7600A94CEF /* Resources */ = {
			isa = PBXResourcesBuildPhase;
			buildActionMask = 2147483647;
			files = (
				CB6968231ED6CFD5007202D2 /* liberal.xml in Resources */,
				B6E63CCD1ECB7E7600A94CEF /* LaunchScreen.storyboard in Resources */,
				B6E63CCA1ECB7E7600A94CEF /* Assets.xcassets in Resources */,
				CB6968241ED6CFD5007202D2 /* major.xml in Resources */,
				B6E63CEA1ECCCDC400A94CEF /* nayong.strings in Resources */,
				B6E63CC81ECB7E7600A94CEF /* Main.storyboard in Resources */,
			);
			runOnlyForDeploymentPostprocessing = 0;
		};
		B6E63CD11ECB7E7600A94CEF /* Resources */ = {
			isa = PBXResourcesBuildPhase;
			buildActionMask = 2147483647;
			files = (
			);
			runOnlyForDeploymentPostprocessing = 0;
		};
/* End PBXResourcesBuildPhase section */

/* Begin PBXShellScriptBuildPhase section */
		051466F6C1C5E5AED5B87A35 /* [CP] Copy Pods Resources */ = {
			isa = PBXShellScriptBuildPhase;
			buildActionMask = 2147483647;
			files = (
			);
			inputPaths = (
			);
			name = "[CP] Copy Pods Resources";
			outputPaths = (
			);
			runOnlyForDeploymentPostprocessing = 0;
			shellPath = /bin/sh;
			shellScript = "\"${SRCROOT}/Pods/Target Support Files/Pods-HYU_TTTests/Pods-HYU_TTTests-resources.sh\"\n";
			showEnvVarsInLog = 0;
		};
		0866BE44A74DDD3D4C65FC38 /* [CP] Embed Pods Frameworks */ = {
			isa = PBXShellScriptBuildPhase;
			buildActionMask = 2147483647;
			files = (
			);
			inputPaths = (
			);
			name = "[CP] Embed Pods Frameworks";
			outputPaths = (
			);
			runOnlyForDeploymentPostprocessing = 0;
			shellPath = /bin/sh;
			shellScript = "\"${SRCROOT}/Pods/Target Support Files/Pods-HYU_TT/Pods-HYU_TT-frameworks.sh\"\n";
			showEnvVarsInLog = 0;
		};
		19FCF87A2F7AB5B22189DAF3 /* [CP] Check Pods Manifest.lock */ = {
			isa = PBXShellScriptBuildPhase;
			buildActionMask = 2147483647;
			files = (
			);
			inputPaths = (
			);
			name = "[CP] Check Pods Manifest.lock";
			outputPaths = (
			);
			runOnlyForDeploymentPostprocessing = 0;
			shellPath = /bin/sh;
			shellScript = "diff \"${PODS_PODFILE_DIR_PATH}/Podfile.lock\" \"${PODS_ROOT}/Manifest.lock\" > /dev/null\nif [ $? != 0 ] ; then\n    # print error to STDERR\n    echo \"error: The sandbox is not in sync with the Podfile.lock. Run 'pod install' or update your CocoaPods installation.\" >&2\n    exit 1\nfi\n";
			showEnvVarsInLog = 0;
		};
		560A3A69E1B0A24676FC750D /* [CP] Check Pods Manifest.lock */ = {
			isa = PBXShellScriptBuildPhase;
			buildActionMask = 2147483647;
			files = (
			);
			inputPaths = (
			);
			name = "[CP] Check Pods Manifest.lock";
			outputPaths = (
			);
			runOnlyForDeploymentPostprocessing = 0;
			shellPath = /bin/sh;
			shellScript = "diff \"${PODS_PODFILE_DIR_PATH}/Podfile.lock\" \"${PODS_ROOT}/Manifest.lock\" > /dev/null\nif [ $? != 0 ] ; then\n    # print error to STDERR\n    echo \"error: The sandbox is not in sync with the Podfile.lock. Run 'pod install' or update your CocoaPods installation.\" >&2\n    exit 1\nfi\n";
			showEnvVarsInLog = 0;
		};
		7B3262E6D604AC63801C33DC /* [CP] Embed Pods Frameworks */ = {
			isa = PBXShellScriptBuildPhase;
			buildActionMask = 2147483647;
			files = (
			);
			inputPaths = (
			);
			name = "[CP] Embed Pods Frameworks";
			outputPaths = (
			);
			runOnlyForDeploymentPostprocessing = 0;
			shellPath = /bin/sh;
			shellScript = "\"${SRCROOT}/Pods/Target Support Files/Pods-HYU_TTTests/Pods-HYU_TTTests-frameworks.sh\"\n";
			showEnvVarsInLog = 0;
		};
		9BA8AA455A1E01A100C9428E /* [CP] Check Pods Manifest.lock */ = {
			isa = PBXShellScriptBuildPhase;
			buildActionMask = 2147483647;
			files = (
			);
			inputPaths = (
			);
			name = "[CP] Check Pods Manifest.lock";
			outputPaths = (
			);
			runOnlyForDeploymentPostprocessing = 0;
			shellPath = /bin/sh;
			shellScript = "diff \"${PODS_PODFILE_DIR_PATH}/Podfile.lock\" \"${PODS_ROOT}/Manifest.lock\" > /dev/null\nif [ $? != 0 ] ; then\n    # print error to STDERR\n    echo \"error: The sandbox is not in sync with the Podfile.lock. Run 'pod install' or update your CocoaPods installation.\" >&2\n    exit 1\nfi\n";
			showEnvVarsInLog = 0;
		};
		A2D63852F8FFD1F7C9EE9BF4 /* [CP] Copy Pods Resources */ = {
			isa = PBXShellScriptBuildPhase;
			buildActionMask = 2147483647;
			files = (
			);
			inputPaths = (
			);
			name = "[CP] Copy Pods Resources";
			outputPaths = (
			);
			runOnlyForDeploymentPostprocessing = 0;
			shellPath = /bin/sh;
			shellScript = "\"${SRCROOT}/Pods/Target Support Files/Pods-HYU_TT-WidgetTest/Pods-HYU_TT-WidgetTest-resources.sh\"\n";
			showEnvVarsInLog = 0;
		};
		F178ABD12AF8C00E9E1145B2 /* [CP] Copy Pods Resources */ = {
			isa = PBXShellScriptBuildPhase;
			buildActionMask = 2147483647;
			files = (
			);
			inputPaths = (
			);
			name = "[CP] Copy Pods Resources";
			outputPaths = (
			);
			runOnlyForDeploymentPostprocessing = 0;
			shellPath = /bin/sh;
			shellScript = "\"${SRCROOT}/Pods/Target Support Files/Pods-HYU_TT/Pods-HYU_TT-resources.sh\"\n";
			showEnvVarsInLog = 0;
		};
/* End PBXShellScriptBuildPhase section */

/* Begin PBXSourcesBuildPhase section */
		B6D218761EE84F17005DCD7F /* Sources */ = {
			isa = PBXSourcesBuildPhase;
			buildActionMask = 2147483647;
			files = (
				B6D2187F1EE84F17005DCD7F /* TodayViewController.swift in Sources */,
				B6FDE26E1EE90B9F00AFDEFC /* WidgetCurriculaViewController.swift in Sources */,
			);
			runOnlyForDeploymentPostprocessing = 0;
		};
		B6E63CBB1ECB7E7600A94CEF /* Sources */ = {
			isa = PBXSourcesBuildPhase;
			buildActionMask = 2147483647;
			files = (
				B6E63CE51ECBFAF300A94CEF /* SubjectFirstViewController.swift in Sources */,
				CB2084D51EE00F0900C90DDD /* BEMAnimationManager.m in Sources */,
				CB2084D81EE00F0900C90DDD /* BEMPathManager.m in Sources */,
				6A4037AA1EE671A1003BB6EC /* TabBarController.swift in Sources */,
				B6E63CC51ECB7E7600A94CEF /* ViewController.swift in Sources */,
				B6B4D1841ED7F4A6009BA65C /* CurriculaViewController.swift in Sources */,
				CB2084D61EE00F0900C90DDD /* BEMCheckBox.m in Sources */,
				B6E63CE31ECBF60200A94CEF /* SubjectViewController.swift in Sources */,
				CBFF76D01EE83CC0003F5442 /* DatabaseManagement.swift in Sources */,
				B601FC291EEA7F27000DADA7 /* MainCurriculaViewController.swift in Sources */,
				6A7A246A1ED8186D00E4C68F /* ChoiceTableViewController.swift in Sources */,
				B6E63CC31ECB7E7600A94CEF /* AppDelegate.swift in Sources */,
				CB6968201ED6CB1F007202D2 /* DataSource.swift in Sources */,
				CBF10E1C1EEA815500B5CDE5 /* MyChoiceTableViewController.swift in Sources */,
				CB2084D71EE00F0900C90DDD /* BEMCheckBoxGroup.m in Sources */,
				CB2084CB1EE0027700C90DDD /* SubjectSecondViewController.swift in Sources */,
				CB2084C91EDFE3F800C90DDD /* MakeTImeTables.swift in Sources */,
			);
			runOnlyForDeploymentPostprocessing = 0;
		};
		B6E63CCF1ECB7E7600A94CEF /* Sources */ = {
			isa = PBXSourcesBuildPhase;
			buildActionMask = 2147483647;
			files = (
				B6E63CD81ECB7E7600A94CEF /* HYU_TTTests.swift in Sources */,
			);
			runOnlyForDeploymentPostprocessing = 0;
		};
/* End PBXSourcesBuildPhase section */

/* Begin PBXTargetDependency section */
		B6D218851EE84F17005DCD7F /* PBXTargetDependency */ = {
			isa = PBXTargetDependency;
			target = B6D218791EE84F17005DCD7F /* WidgetTest */;
			targetProxy = B6D218841EE84F17005DCD7F /* PBXContainerItemProxy */;
		};
		B6E63CD51ECB7E7600A94CEF /* PBXTargetDependency */ = {
			isa = PBXTargetDependency;
			target = B6E63CBE1ECB7E7600A94CEF /* HYU_TT */;
			targetProxy = B6E63CD41ECB7E7600A94CEF /* PBXContainerItemProxy */;
		};
/* End PBXTargetDependency section */

/* Begin PBXVariantGroup section */
		B6D218801EE84F17005DCD7F /* MainInterface.storyboard */ = {
			isa = PBXVariantGroup;
			children = (
				B6D218811EE84F17005DCD7F /* Base */,
			);
			name = MainInterface.storyboard;
			sourceTree = "<group>";
		};
		B6E63CC61ECB7E7600A94CEF /* Main.storyboard */ = {
			isa = PBXVariantGroup;
			children = (
				B6E63CC71ECB7E7600A94CEF /* Base */,
			);
			name = Main.storyboard;
			sourceTree = "<group>";
		};
		B6E63CCB1ECB7E7600A94CEF /* LaunchScreen.storyboard */ = {
			isa = PBXVariantGroup;
			children = (
				B6E63CCC1ECB7E7600A94CEF /* Base */,
			);
			name = LaunchScreen.storyboard;
			sourceTree = "<group>";
		};
/* End PBXVariantGroup section */

/* Begin XCBuildConfiguration section */
		B6D218871EE84F17005DCD7F /* Debug */ = {
			isa = XCBuildConfiguration;
			baseConfigurationReference = AB6AF7C6447D023EB6AD1946 /* Pods-HYU_TT-WidgetTest.debug.xcconfig */;
			buildSettings = {
				INFOPLIST_FILE = WidgetTest/Info.plist;
				LD_RUNPATH_SEARCH_PATHS = "$(inherited) @executable_path/Frameworks @executable_path/../../Frameworks";
				PRODUCT_BUNDLE_IDENTIFIER = "SoftwareStudio.HYU-TT.WidgetTest";
				PRODUCT_NAME = "$(TARGET_NAME)";
				SKIP_INSTALL = YES;
				SWIFT_VERSION = 3.0;
			};
			name = Debug;
		};
		B6D218881EE84F17005DCD7F /* Release */ = {
			isa = XCBuildConfiguration;
			baseConfigurationReference = F0F6F693F9D6061F709F0B44 /* Pods-HYU_TT-WidgetTest.release.xcconfig */;
			buildSettings = {
				INFOPLIST_FILE = WidgetTest/Info.plist;
				LD_RUNPATH_SEARCH_PATHS = "$(inherited) @executable_path/Frameworks @executable_path/../../Frameworks";
				PRODUCT_BUNDLE_IDENTIFIER = "SoftwareStudio.HYU-TT.WidgetTest";
				PRODUCT_NAME = "$(TARGET_NAME)";
				SKIP_INSTALL = YES;
				SWIFT_VERSION = 3.0;
			};
			name = Release;
		};
		B6E63CDA1ECB7E7600A94CEF /* Debug */ = {
			isa = XCBuildConfiguration;
			buildSettings = {
				ALWAYS_SEARCH_USER_PATHS = NO;
				CLANG_ANALYZER_NONNULL = YES;
				CLANG_CXX_LANGUAGE_STANDARD = "gnu++0x";
				CLANG_CXX_LIBRARY = "libc++";
				CLANG_ENABLE_MODULES = YES;
				CLANG_ENABLE_OBJC_ARC = YES;
				CLANG_WARN_BOOL_CONVERSION = YES;
				CLANG_WARN_CONSTANT_CONVERSION = YES;
				CLANG_WARN_DIRECT_OBJC_ISA_USAGE = YES_ERROR;
				CLANG_WARN_DOCUMENTATION_COMMENTS = YES;
				CLANG_WARN_EMPTY_BODY = YES;
				CLANG_WARN_ENUM_CONVERSION = YES;
				CLANG_WARN_INFINITE_RECURSION = YES;
				CLANG_WARN_INT_CONVERSION = YES;
				CLANG_WARN_OBJC_ROOT_CLASS = YES_ERROR;
				CLANG_WARN_SUSPICIOUS_MOVE = YES;
				CLANG_WARN_UNREACHABLE_CODE = YES;
				CLANG_WARN__DUPLICATE_METHOD_MATCH = YES;
				"CODE_SIGN_IDENTITY[sdk=iphoneos*]" = "iPhone Developer";
				COPY_PHASE_STRIP = NO;
				DEBUG_INFORMATION_FORMAT = dwarf;
				ENABLE_STRICT_OBJC_MSGSEND = YES;
				ENABLE_TESTABILITY = YES;
				GCC_C_LANGUAGE_STANDARD = gnu99;
				GCC_DYNAMIC_NO_PIC = NO;
				GCC_NO_COMMON_BLOCKS = YES;
				GCC_OPTIMIZATION_LEVEL = 0;
				GCC_PREPROCESSOR_DEFINITIONS = (
					"DEBUG=1",
					"$(inherited)",
				);
				GCC_WARN_64_TO_32_BIT_CONVERSION = YES;
				GCC_WARN_ABOUT_RETURN_TYPE = YES_ERROR;
				GCC_WARN_UNDECLARED_SELECTOR = YES;
				GCC_WARN_UNINITIALIZED_AUTOS = YES_AGGRESSIVE;
				GCC_WARN_UNUSED_FUNCTION = YES;
				GCC_WARN_UNUSED_VARIABLE = YES;
				IPHONEOS_DEPLOYMENT_TARGET = 10.2;
				MTL_ENABLE_DEBUG_INFO = YES;
				ONLY_ACTIVE_ARCH = YES;
				SDKROOT = iphoneos;
				SWIFT_ACTIVE_COMPILATION_CONDITIONS = DEBUG;
				SWIFT_OPTIMIZATION_LEVEL = "-Onone";
				TARGETED_DEVICE_FAMILY = "1,2";
			};
			name = Debug;
		};
		B6E63CDB1ECB7E7600A94CEF /* Release */ = {
			isa = XCBuildConfiguration;
			buildSettings = {
				ALWAYS_SEARCH_USER_PATHS = NO;
				CLANG_ANALYZER_NONNULL = YES;
				CLANG_CXX_LANGUAGE_STANDARD = "gnu++0x";
				CLANG_CXX_LIBRARY = "libc++";
				CLANG_ENABLE_MODULES = YES;
				CLANG_ENABLE_OBJC_ARC = YES;
				CLANG_WARN_BOOL_CONVERSION = YES;
				CLANG_WARN_CONSTANT_CONVERSION = YES;
				CLANG_WARN_DIRECT_OBJC_ISA_USAGE = YES_ERROR;
				CLANG_WARN_DOCUMENTATION_COMMENTS = YES;
				CLANG_WARN_EMPTY_BODY = YES;
				CLANG_WARN_ENUM_CONVERSION = YES;
				CLANG_WARN_INFINITE_RECURSION = YES;
				CLANG_WARN_INT_CONVERSION = YES;
				CLANG_WARN_OBJC_ROOT_CLASS = YES_ERROR;
				CLANG_WARN_SUSPICIOUS_MOVE = YES;
				CLANG_WARN_UNREACHABLE_CODE = YES;
				CLANG_WARN__DUPLICATE_METHOD_MATCH = YES;
				"CODE_SIGN_IDENTITY[sdk=iphoneos*]" = "iPhone Developer";
				COPY_PHASE_STRIP = NO;
				DEBUG_INFORMATION_FORMAT = "dwarf-with-dsym";
				ENABLE_NS_ASSERTIONS = NO;
				ENABLE_STRICT_OBJC_MSGSEND = YES;
				GCC_C_LANGUAGE_STANDARD = gnu99;
				GCC_NO_COMMON_BLOCKS = YES;
				GCC_WARN_64_TO_32_BIT_CONVERSION = YES;
				GCC_WARN_ABOUT_RETURN_TYPE = YES_ERROR;
				GCC_WARN_UNDECLARED_SELECTOR = YES;
				GCC_WARN_UNINITIALIZED_AUTOS = YES_AGGRESSIVE;
				GCC_WARN_UNUSED_FUNCTION = YES;
				GCC_WARN_UNUSED_VARIABLE = YES;
				IPHONEOS_DEPLOYMENT_TARGET = 10.2;
				MTL_ENABLE_DEBUG_INFO = NO;
				SDKROOT = iphoneos;
				SWIFT_OPTIMIZATION_LEVEL = "-Owholemodule";
				TARGETED_DEVICE_FAMILY = "1,2";
				VALIDATE_PRODUCT = YES;
			};
			name = Release;
		};
		B6E63CDD1ECB7E7600A94CEF /* Debug */ = {
			isa = XCBuildConfiguration;
			baseConfigurationReference = 99173DF071FD2AF131E44065 /* Pods-HYU_TT.debug.xcconfig */;
			buildSettings = {
				ALWAYS_EMBED_SWIFT_STANDARD_LIBRARIES = YES;
				ASSETCATALOG_COMPILER_APPICON_NAME = AppIcon;
				INFOPLIST_FILE = HYU_TT/Info.plist;
				LD_RUNPATH_SEARCH_PATHS = "$(inherited) @executable_path/Frameworks";
				PRODUCT_BUNDLE_IDENTIFIER = "SoftwareStudio.HYU-TT";
				PRODUCT_NAME = "$(TARGET_NAME)";
				SWIFT_OBJC_BRIDGING_HEADER = CheckMarkHeader.h;
				SWIFT_VERSION = 3.0;
			};
			name = Debug;
		};
		B6E63CDE1ECB7E7600A94CEF /* Release */ = {
			isa = XCBuildConfiguration;
			baseConfigurationReference = 1502B6A28160B1432EA80EE1 /* Pods-HYU_TT.release.xcconfig */;
			buildSettings = {
				ALWAYS_EMBED_SWIFT_STANDARD_LIBRARIES = YES;
				ASSETCATALOG_COMPILER_APPICON_NAME = AppIcon;
				INFOPLIST_FILE = HYU_TT/Info.plist;
				LD_RUNPATH_SEARCH_PATHS = "$(inherited) @executable_path/Frameworks";
				PRODUCT_BUNDLE_IDENTIFIER = "SoftwareStudio.HYU-TT";
				PRODUCT_NAME = "$(TARGET_NAME)";
				SWIFT_OBJC_BRIDGING_HEADER = CheckMarkHeader.h;
				SWIFT_VERSION = 3.0;
			};
			name = Release;
		};
		B6E63CE01ECB7E7600A94CEF /* Debug */ = {
			isa = XCBuildConfiguration;
			baseConfigurationReference = 59349A4B72180EEF8CE3D9BD /* Pods-HYU_TTTests.debug.xcconfig */;
			buildSettings = {
				ALWAYS_EMBED_SWIFT_STANDARD_LIBRARIES = YES;
				BUNDLE_LOADER = "$(TEST_HOST)";
				INFOPLIST_FILE = HYU_TTTests/Info.plist;
				LD_RUNPATH_SEARCH_PATHS = "$(inherited) @executable_path/Frameworks @loader_path/Frameworks";
				PRODUCT_BUNDLE_IDENTIFIER = "SoftwareStudio.HYU-TTTests";
				PRODUCT_NAME = "$(TARGET_NAME)";
				SWIFT_VERSION = 3.0;
				TEST_HOST = "$(BUILT_PRODUCTS_DIR)/HYU_TT.app/HYU_TT";
			};
			name = Debug;
		};
		B6E63CE11ECB7E7600A94CEF /* Release */ = {
			isa = XCBuildConfiguration;
			baseConfigurationReference = 13095219E493AD967886AE2A /* Pods-HYU_TTTests.release.xcconfig */;
			buildSettings = {
				ALWAYS_EMBED_SWIFT_STANDARD_LIBRARIES = YES;
				BUNDLE_LOADER = "$(TEST_HOST)";
				INFOPLIST_FILE = HYU_TTTests/Info.plist;
				LD_RUNPATH_SEARCH_PATHS = "$(inherited) @executable_path/Frameworks @loader_path/Frameworks";
				PRODUCT_BUNDLE_IDENTIFIER = "SoftwareStudio.HYU-TTTests";
				PRODUCT_NAME = "$(TARGET_NAME)";
				SWIFT_VERSION = 3.0;
				TEST_HOST = "$(BUILT_PRODUCTS_DIR)/HYU_TT.app/HYU_TT";
			};
			name = Release;
		};
/* End XCBuildConfiguration section */

/* Begin XCConfigurationList section */
		B6D218891EE84F17005DCD7F /* Build configuration list for PBXNativeTarget "WidgetTest" */ = {
			isa = XCConfigurationList;
			buildConfigurations = (
				B6D218871EE84F17005DCD7F /* Debug */,
				B6D218881EE84F17005DCD7F /* Release */,
			);
			defaultConfigurationIsVisible = 0;
			defaultConfigurationName = Release;
		};
		B6E63CBA1ECB7E7600A94CEF /* Build configuration list for PBXProject "HYU_TT" */ = {
			isa = XCConfigurationList;
			buildConfigurations = (
				B6E63CDA1ECB7E7600A94CEF /* Debug */,
				B6E63CDB1ECB7E7600A94CEF /* Release */,
			);
			defaultConfigurationIsVisible = 0;
			defaultConfigurationName = Release;
		};
		B6E63CDC1ECB7E7600A94CEF /* Build configuration list for PBXNativeTarget "HYU_TT" */ = {
			isa = XCConfigurationList;
			buildConfigurations = (
				B6E63CDD1ECB7E7600A94CEF /* Debug */,
				B6E63CDE1ECB7E7600A94CEF /* Release */,
			);
			defaultConfigurationIsVisible = 0;
			defaultConfigurationName = Release;
		};
		B6E63CDF1ECB7E7600A94CEF /* Build configuration list for PBXNativeTarget "HYU_TTTests" */ = {
			isa = XCConfigurationList;
			buildConfigurations = (
				B6E63CE01ECB7E7600A94CEF /* Debug */,
				B6E63CE11ECB7E7600A94CEF /* Release */,
			);
			defaultConfigurationIsVisible = 0;
			defaultConfigurationName = Release;
		};
/* End XCConfigurationList section */
	};
	rootObject = B6E63CB71ECB7E7600A94CEF /* Project object */;
}
